
Microsoft Visual Studio Solution File, Format Version 12.00
# Visual Studio Version 16
VisualStudioVersion = 16.0.30320.27
MinimumVisualStudioVersion = 10.0.40219.1
Project("{FAE04EC0-301F-11D3-BF4B-00C04F79EFBC}") = "HelloWorld", "HelloWorld\HelloWorld.csproj", "{BCCC9047-0A19-46B6-BC2F-2E034F10206D}"
EndProject
Global
	GlobalSection(SolutionConfigurationPlatforms) = preSolution
		Debug|Any CPU = Debug|Any CPU
		Release|Any CPU = Release|Any CPU
	EndGlobalSection
	GlobalSection(ProjectConfigurationPlatforms) = postSolution
		{BCCC9047-0A19-46B6-BC2F-2E034F10206D}.Debug|Any CPU.ActiveCfg = Debug|Any CPU
		{BCCC9047-0A19-46B6-BC2F-2E034F10206D}.Debug|Any CPU.Build.0 = Debug|Any CPU
		{BCCC9047-0A19-46B6-BC2F-2E034F10206D}.Release|Any CPU.ActiveCfg = Release|Any CPU
		{BCCC9047-0A19-46B6-BC2F-2E034F10206D}.Release|Any CPU.Build.0 = Release|Any CPU
	EndGlobalSection
	GlobalSection(SolutionProperties) = preSolution
		HideSolutionNode = FALSE
	EndGlobalSection
	GlobalSection(ExtensibilityGlobals) = postSolution
		SolutionGuid = {D8DF1A06-23DD-4CFD-946F-471B37ACA1DB}
	EndGlobalSection
EndGlobal
